// !$*UTF8*$!
{
	archiveVersion = 1;
	classes = {
	};
	objectVersion = 46;
	objects = {

/* Begin PBXBuildFile section */
		860466651ABC6CFE00C39BDB /* PickerTaxCell.xib in Resources */ = {isa = PBXBuildFile; fileRef = 860466641ABC6CFE00C39BDB /* PickerTaxCell.xib */; };
		860B39271AE2FB8F00D34896 /* RootUserPersistenceManager.swift in Sources */ = {isa = PBXBuildFile; fileRef = 860B39261AE2FB8F00D34896 /* RootUserPersistenceManager.swift */; };
		860B392B1AE3060F00D34896 /* PersistenceManager.swift in Sources */ = {isa = PBXBuildFile; fileRef = 860B392A1AE3060F00D34896 /* PersistenceManager.swift */; };
		860B392E1AE32D4500D34896 /* Ride.swift in Sources */ = {isa = PBXBuildFile; fileRef = 860B392D1AE32D4500D34896 /* Ride.swift */; };
		860B39341AE33E7100D34896 /* OrderedList.swift in Sources */ = {isa = PBXBuildFile; fileRef = 860B39331AE33E7100D34896 /* OrderedList.swift */; };
		860B39391AE3BD3F00D34896 /* RideListManager.swift in Sources */ = {isa = PBXBuildFile; fileRef = 860B39381AE3BD3F00D34896 /* RideListManager.swift */; };
		86202E6D1AE2A7D500293B79 /* Bill.swift in Sources */ = {isa = PBXBuildFile; fileRef = 86202E6C1AE2A7D500293B79 /* Bill.swift */; };
		8624B86B1ACD71F600A60985 /* DataPersistenceDelegate.swift in Sources */ = {isa = PBXBuildFile; fileRef = 8624B86A1ACD71F600A60985 /* DataPersistenceDelegate.swift */; };
		863D5E941ACF7185007D9235 /* CustomPopUp.swift in Sources */ = {isa = PBXBuildFile; fileRef = 863D5E931ACF7185007D9235 /* CustomPopUp.swift */; };
		863D5E961ACF7277007D9235 /* CustomPopUp.xib in Resources */ = {isa = PBXBuildFile; fileRef = 863D5E951ACF7277007D9235 /* CustomPopUp.xib */; };
		863D5E991ACF75F8007D9235 /* NewUserPopUp.xib in Resources */ = {isa = PBXBuildFile; fileRef = 863D5E981ACF75F8007D9235 /* NewUserPopUp.xib */; };
		8662E4241AC9910D0087B69B /* DefaultTaxCell.swift in Sources */ = {isa = PBXBuildFile; fileRef = 8662E4231AC9910D0087B69B /* DefaultTaxCell.swift */; };
		8662E4261ACACB180087B69B /* PickerTaxCell.swift in Sources */ = {isa = PBXBuildFile; fileRef = 8662E4251ACACB180087B69B /* PickerTaxCell.swift */; };
		8668D3971ACF3E8500C2CB87 /* UserList.swift in Sources */ = {isa = PBXBuildFile; fileRef = 8668D3961ACF3E8500C2CB87 /* UserList.swift */; };
		86A78EE81ACD8231009BBF58 /* BillingHandlerDelegate.swift in Sources */ = {isa = PBXBuildFile; fileRef = 86A78EE71ACD8231009BBF58 /* BillingHandlerDelegate.swift */; };
		86A88A8D1AE1F078009A4ABD /* RootUserViewController.swift in Sources */ = {isa = PBXBuildFile; fileRef = 86A88A8C1AE1F078009A4ABD /* RootUserViewController.swift */; };
		86A88A911AE27F07009A4ABD /* RootUser.swift in Sources */ = {isa = PBXBuildFile; fileRef = 86A88A901AE27F07009A4ABD /* RootUser.swift */; };
		86A92D9F1AB863E900B38445 /* AppDelegate.swift in Sources */ = {isa = PBXBuildFile; fileRef = 86A92D9E1AB863E900B38445 /* AppDelegate.swift */; };
		86A92DA61AB863E900B38445 /* Main.storyboard in Resources */ = {isa = PBXBuildFile; fileRef = 86A92DA41AB863E900B38445 /* Main.storyboard */; };
		86A92DA81AB863E900B38445 /* Images.xcassets in Resources */ = {isa = PBXBuildFile; fileRef = 86A92DA71AB863E900B38445 /* Images.xcassets */; };
		86A92DAB1AB863E900B38445 /* LaunchScreen.xib in Resources */ = {isa = PBXBuildFile; fileRef = 86A92DA91AB863E900B38445 /* LaunchScreen.xib */; };
		86A92DB71AB863E900B38445 /* BiguTests.swift in Sources */ = {isa = PBXBuildFile; fileRef = 86A92DB61AB863E900B38445 /* BiguTests.swift */; };
		86A92DC21AB8687A00B38445 /* UsersViewController.swift in Sources */ = {isa = PBXBuildFile; fileRef = 86A92DC11AB8687A00B38445 /* UsersViewController.swift */; };
		86A92DC51AB868E200B38445 /* TaxCell.xib in Resources */ = {isa = PBXBuildFile; fileRef = 86A92DC41AB868E200B38445 /* TaxCell.xib */; };
		86A92DCB1AB86A5800B38445 /* User.swift in Sources */ = {isa = PBXBuildFile; fileRef = 86A92DCA1AB86A5800B38445 /* User.swift */; };
		86B6974E1ACF77970052353E /* NewUserPopUp.swift in Sources */ = {isa = PBXBuildFile; fileRef = 86B6974D1ACF77970052353E /* NewUserPopUp.swift */; };
		86B697501ACFEB680052353E /* UserHandlingDelegate.swift in Sources */ = {isa = PBXBuildFile; fileRef = 86B6974F1ACFEB680052353E /* UserHandlingDelegate.swift */; };
		86C23C9A1AD34DDB00FE9D63 /* UserDetailViewController.swift in Sources */ = {isa = PBXBuildFile; fileRef = 86C23C991AD34DDB00FE9D63 /* UserDetailViewController.swift */; };
		86C23C9C1AD35B7E00FE9D63 /* UserDetailMainTableViewCell.swift in Sources */ = {isa = PBXBuildFile; fileRef = 86C23C9B1AD35B7E00FE9D63 /* UserDetailMainTableViewCell.swift */; };
		86C23C9E1AD35E5100FE9D63 /* UserDetailBillSliderTableViewCell.swift in Sources */ = {isa = PBXBuildFile; fileRef = 86C23C9D1AD35E5100FE9D63 /* UserDetailBillSliderTableViewCell.swift */; };
		86C23CA01AD3611100FE9D63 /* UserDetailFirstNameTableViewCell.swift in Sources */ = {isa = PBXBuildFile; fileRef = 86C23C9F1AD3611100FE9D63 /* UserDetailFirstNameTableViewCell.swift */; };
		86C23CA21AD362A200FE9D63 /* UserDetailLastNameTableViewCell.swift in Sources */ = {isa = PBXBuildFile; fileRef = 86C23CA11AD362A200FE9D63 /* UserDetailLastNameTableViewCell.swift */; };
		86C23CA41AD3632C00FE9D63 /* UserDetailNickNameTableViewCell.swift in Sources */ = {isa = PBXBuildFile; fileRef = 86C23CA31AD3632C00FE9D63 /* UserDetailNickNameTableViewCell.swift */; };
		86CA24DF1ADD306800EA98E8 /* UserPersistenceManager.swift in Sources */ = {isa = PBXBuildFile; fileRef = 86CA24DE1ADD306800EA98E8 /* UserPersistenceManager.swift */; };
		86D548DB1ADE9F4D0092C9A5 /* AbstractUser.swift in Sources */ = {isa = PBXBuildFile; fileRef = 86D548DA1ADE9F4D0092C9A5 /* AbstractUser.swift */; };
		86D999281ACAD429001E48CD /* TaxCell.swift in Sources */ = {isa = PBXBuildFile; fileRef = 86D999271ACAD429001E48CD /* TaxCell.swift */; };
		86D9992C1ACC29C3001E48CD /* TaxHandlingDelegate.swift in Sources */ = {isa = PBXBuildFile; fileRef = 86D9992B1ACC29C3001E48CD /* TaxHandlingDelegate.swift */; };
		86DFA2F41AE166FA00D42B65 /* ExecutionContext.swift in Sources */ = {isa = PBXBuildFile; fileRef = 86DFA2EC1AE166FA00D42B65 /* ExecutionContext.swift */; };
		86DFA2F51AE166FA00D42B65 /* Future.swift in Sources */ = {isa = PBXBuildFile; fileRef = 86DFA2ED1AE166FA00D42B65 /* Future.swift */; };
		86DFA2F61AE166FA00D42B65 /* FutureUtils.swift in Sources */ = {isa = PBXBuildFile; fileRef = 86DFA2EE1AE166FA00D42B65 /* FutureUtils.swift */; };
		86DFA2F71AE166FA00D42B65 /* InvalidationToken.swift in Sources */ = {isa = PBXBuildFile; fileRef = 86DFA2EF1AE166FA00D42B65 /* InvalidationToken.swift */; };
		86DFA2F81AE166FA00D42B65 /* Promise.swift in Sources */ = {isa = PBXBuildFile; fileRef = 86DFA2F01AE166FA00D42B65 /* Promise.swift */; };
		86DFA2F91AE166FA00D42B65 /* Queue.swift in Sources */ = {isa = PBXBuildFile; fileRef = 86DFA2F11AE166FA00D42B65 /* Queue.swift */; };
		86DFA2FA1AE166FA00D42B65 /* Result.swift in Sources */ = {isa = PBXBuildFile; fileRef = 86DFA2F21AE166FA00D42B65 /* Result.swift */; };
		86DFA2FB1AE166FA00D42B65 /* Semaphore.swift in Sources */ = {isa = PBXBuildFile; fileRef = 86DFA2F31AE166FA00D42B65 /* Semaphore.swift */; };
		86F441CA1ACEA574006B5246 /* UserCell.xib in Resources */ = {isa = PBXBuildFile; fileRef = 86F441C91ACEA574006B5246 /* UserCell.xib */; };
		86F441CE1ACEA9DA006B5246 /* UserCell.swift in Sources */ = {isa = PBXBuildFile; fileRef = 86F441CD1ACEA9DA006B5246 /* UserCell.swift */; };
/* End PBXBuildFile section */

/* Begin PBXContainerItemProxy section */
		861C250A1AE0A7090081E9E8 /* PBXContainerItemProxy */ = {
			isa = PBXContainerItemProxy;
			containerPortal = 861C25051AE0A7090081E9E8 /* BrightFutures.xcodeproj */;
			proxyType = 2;
			remoteGlobalIDString = E9DF0815194470060083F7F2;
			remoteInfo = BrightFutures;
		};
		861C250C1AE0A7090081E9E8 /* PBXContainerItemProxy */ = {
			isa = PBXContainerItemProxy;
			containerPortal = 861C25051AE0A7090081E9E8 /* BrightFutures.xcodeproj */;
			proxyType = 2;
			remoteGlobalIDString = E9DF0820194470060083F7F2;
			remoteInfo = BrightFuturesTests;
		};
		86A92DB11AB863E900B38445 /* PBXContainerItemProxy */ = {
			isa = PBXContainerItemProxy;
			containerPortal = 86A92D911AB863E900B38445 /* Project object */;
			proxyType = 1;
			remoteGlobalIDString = 86A92D981AB863E900B38445;
			remoteInfo = Bigu;
		};
/* End PBXContainerItemProxy section */

/* Begin PBXFileReference section */
		860466641ABC6CFE00C39BDB /* PickerTaxCell.xib */ = {isa = PBXFileReference; fileEncoding = 4; lastKnownFileType = file.xib; path = PickerTaxCell.xib; sourceTree = "<group>"; };
		860B39261AE2FB8F00D34896 /* RootUserPersistenceManager.swift */ = {isa = PBXFileReference; fileEncoding = 4; lastKnownFileType = sourcecode.swift; path = RootUserPersistenceManager.swift; sourceTree = "<group>"; };
		860B392A1AE3060F00D34896 /* PersistenceManager.swift */ = {isa = PBXFileReference; fileEncoding = 4; lastKnownFileType = sourcecode.swift; path = PersistenceManager.swift; sourceTree = "<group>"; };
		860B392D1AE32D4500D34896 /* Ride.swift */ = {isa = PBXFileReference; fileEncoding = 4; lastKnownFileType = sourcecode.swift; path = Ride.swift; sourceTree = "<group>"; };
		860B39331AE33E7100D34896 /* OrderedList.swift */ = {isa = PBXFileReference; fileEncoding = 4; lastKnownFileType = sourcecode.swift; path = OrderedList.swift; sourceTree = "<group>"; };
		860B39381AE3BD3F00D34896 /* RideListManager.swift */ = {isa = PBXFileReference; fileEncoding = 4; lastKnownFileType = sourcecode.swift; path = RideListManager.swift; sourceTree = "<group>"; };
		861C25051AE0A7090081E9E8 /* BrightFutures.xcodeproj */ = {isa = PBXFileReference; lastKnownFileType = "wrapper.pb-project"; name = BrightFutures.xcodeproj; path = BrightFutures/BrightFutures.xcodeproj; sourceTree = "<group>"; };
		86202E6C1AE2A7D500293B79 /* Bill.swift */ = {isa = PBXFileReference; fileEncoding = 4; lastKnownFileType = sourcecode.swift; path = Bill.swift; sourceTree = "<group>"; };
		8624B86A1ACD71F600A60985 /* DataPersistenceDelegate.swift */ = {isa = PBXFileReference; fileEncoding = 4; lastKnownFileType = sourcecode.swift; path = DataPersistenceDelegate.swift; sourceTree = "<group>"; };
		863D5E931ACF7185007D9235 /* CustomPopUp.swift */ = {isa = PBXFileReference; fileEncoding = 4; lastKnownFileType = sourcecode.swift; path = CustomPopUp.swift; sourceTree = "<group>"; };
		863D5E951ACF7277007D9235 /* CustomPopUp.xib */ = {isa = PBXFileReference; fileEncoding = 4; lastKnownFileType = file.xib; path = CustomPopUp.xib; sourceTree = "<group>"; };
		863D5E981ACF75F8007D9235 /* NewUserPopUp.xib */ = {isa = PBXFileReference; fileEncoding = 4; lastKnownFileType = file.xib; path = NewUserPopUp.xib; sourceTree = "<group>"; };
		8662E4231AC9910D0087B69B /* DefaultTaxCell.swift */ = {isa = PBXFileReference; fileEncoding = 4; lastKnownFileType = sourcecode.swift; path = DefaultTaxCell.swift; sourceTree = "<group>"; };
		8662E4251ACACB180087B69B /* PickerTaxCell.swift */ = {isa = PBXFileReference; fileEncoding = 4; lastKnownFileType = sourcecode.swift; path = PickerTaxCell.swift; sourceTree = "<group>"; };
		8668D3961ACF3E8500C2CB87 /* UserList.swift */ = {isa = PBXFileReference; fileEncoding = 4; lastKnownFileType = sourcecode.swift; path = UserList.swift; sourceTree = "<group>"; };
		86A78EE71ACD8231009BBF58 /* BillingHandlerDelegate.swift */ = {isa = PBXFileReference; fileEncoding = 4; lastKnownFileType = sourcecode.swift; path = BillingHandlerDelegate.swift; sourceTree = "<group>"; };
		86A88A8C1AE1F078009A4ABD /* RootUserViewController.swift */ = {isa = PBXFileReference; fileEncoding = 4; lastKnownFileType = sourcecode.swift; path = RootUserViewController.swift; sourceTree = "<group>"; };
		86A88A901AE27F07009A4ABD /* RootUser.swift */ = {isa = PBXFileReference; fileEncoding = 4; lastKnownFileType = sourcecode.swift; path = RootUser.swift; sourceTree = "<group>"; };
		86A92D991AB863E900B38445 /* Bigu.app */ = {isa = PBXFileReference; explicitFileType = wrapper.application; includeInIndex = 0; path = Bigu.app; sourceTree = BUILT_PRODUCTS_DIR; };
		86A92D9D1AB863E900B38445 /* Info.plist */ = {isa = PBXFileReference; lastKnownFileType = text.plist.xml; path = Info.plist; sourceTree = "<group>"; };
		86A92D9E1AB863E900B38445 /* AppDelegate.swift */ = {isa = PBXFileReference; lastKnownFileType = sourcecode.swift; path = AppDelegate.swift; sourceTree = "<group>"; };
		86A92DA51AB863E900B38445 /* Base */ = {isa = PBXFileReference; lastKnownFileType = file.storyboard; name = Base; path = Base.lproj/Main.storyboard; sourceTree = "<group>"; };
		86A92DA71AB863E900B38445 /* Images.xcassets */ = {isa = PBXFileReference; lastKnownFileType = folder.assetcatalog; path = Images.xcassets; sourceTree = "<group>"; };
		86A92DAA1AB863E900B38445 /* Base */ = {isa = PBXFileReference; lastKnownFileType = file.xib; name = Base; path = Base.lproj/LaunchScreen.xib; sourceTree = "<group>"; };
		86A92DB01AB863E900B38445 /* BiguTests.xctest */ = {isa = PBXFileReference; explicitFileType = wrapper.cfbundle; includeInIndex = 0; path = BiguTests.xctest; sourceTree = BUILT_PRODUCTS_DIR; };
		86A92DB51AB863E900B38445 /* Info.plist */ = {isa = PBXFileReference; lastKnownFileType = text.plist.xml; path = Info.plist; sourceTree = "<group>"; };
		86A92DB61AB863E900B38445 /* BiguTests.swift */ = {isa = PBXFileReference; lastKnownFileType = sourcecode.swift; path = BiguTests.swift; sourceTree = "<group>"; };
		86A92DC11AB8687A00B38445 /* UsersViewController.swift */ = {isa = PBXFileReference; fileEncoding = 4; lastKnownFileType = sourcecode.swift; path = UsersViewController.swift; sourceTree = "<group>"; };
		86A92DC41AB868E200B38445 /* TaxCell.xib */ = {isa = PBXFileReference; fileEncoding = 4; lastKnownFileType = file.xib; path = TaxCell.xib; sourceTree = "<group>"; };
		86A92DCA1AB86A5800B38445 /* User.swift */ = {isa = PBXFileReference; fileEncoding = 4; lastKnownFileType = sourcecode.swift; path = User.swift; sourceTree = "<group>"; };
		86B6974D1ACF77970052353E /* NewUserPopUp.swift */ = {isa = PBXFileReference; fileEncoding = 4; lastKnownFileType = sourcecode.swift; path = NewUserPopUp.swift; sourceTree = "<group>"; };
		86B6974F1ACFEB680052353E /* UserHandlingDelegate.swift */ = {isa = PBXFileReference; fileEncoding = 4; lastKnownFileType = sourcecode.swift; path = UserHandlingDelegate.swift; sourceTree = "<group>"; };
		86C23C991AD34DDB00FE9D63 /* UserDetailViewController.swift */ = {isa = PBXFileReference; fileEncoding = 4; lastKnownFileType = sourcecode.swift; path = UserDetailViewController.swift; sourceTree = "<group>"; };
		86C23C9B1AD35B7E00FE9D63 /* UserDetailMainTableViewCell.swift */ = {isa = PBXFileReference; fileEncoding = 4; lastKnownFileType = sourcecode.swift; path = UserDetailMainTableViewCell.swift; sourceTree = "<group>"; };
		86C23C9D1AD35E5100FE9D63 /* UserDetailBillSliderTableViewCell.swift */ = {isa = PBXFileReference; fileEncoding = 4; lastKnownFileType = sourcecode.swift; path = UserDetailBillSliderTableViewCell.swift; sourceTree = "<group>"; };
		86C23C9F1AD3611100FE9D63 /* UserDetailFirstNameTableViewCell.swift */ = {isa = PBXFileReference; fileEncoding = 4; lastKnownFileType = sourcecode.swift; path = UserDetailFirstNameTableViewCell.swift; sourceTree = "<group>"; };
		86C23CA11AD362A200FE9D63 /* UserDetailLastNameTableViewCell.swift */ = {isa = PBXFileReference; fileEncoding = 4; lastKnownFileType = sourcecode.swift; path = UserDetailLastNameTableViewCell.swift; sourceTree = "<group>"; };
		86C23CA31AD3632C00FE9D63 /* UserDetailNickNameTableViewCell.swift */ = {isa = PBXFileReference; fileEncoding = 4; lastKnownFileType = sourcecode.swift; path = UserDetailNickNameTableViewCell.swift; sourceTree = "<group>"; };
		86CA24DE1ADD306800EA98E8 /* UserPersistenceManager.swift */ = {isa = PBXFileReference; fileEncoding = 4; lastKnownFileType = sourcecode.swift; path = UserPersistenceManager.swift; sourceTree = "<group>"; };
		86D548DA1ADE9F4D0092C9A5 /* AbstractUser.swift */ = {isa = PBXFileReference; fileEncoding = 4; lastKnownFileType = sourcecode.swift; path = AbstractUser.swift; sourceTree = "<group>"; };
		86D999271ACAD429001E48CD /* TaxCell.swift */ = {isa = PBXFileReference; fileEncoding = 4; lastKnownFileType = sourcecode.swift; path = TaxCell.swift; sourceTree = "<group>"; };
		86D9992B1ACC29C3001E48CD /* TaxHandlingDelegate.swift */ = {isa = PBXFileReference; fileEncoding = 4; lastKnownFileType = sourcecode.swift; path = TaxHandlingDelegate.swift; sourceTree = "<group>"; };
		86DFA2EC1AE166FA00D42B65 /* ExecutionContext.swift */ = {isa = PBXFileReference; lastKnownFileType = sourcecode.swift; name = ExecutionContext.swift; path = BrightFutures/BrightFutures/ExecutionContext.swift; sourceTree = "<group>"; };
		86DFA2ED1AE166FA00D42B65 /* Future.swift */ = {isa = PBXFileReference; lastKnownFileType = sourcecode.swift; name = Future.swift; path = BrightFutures/BrightFutures/Future.swift; sourceTree = "<group>"; };
		86DFA2EE1AE166FA00D42B65 /* FutureUtils.swift */ = {isa = PBXFileReference; lastKnownFileType = sourcecode.swift; name = FutureUtils.swift; path = BrightFutures/BrightFutures/FutureUtils.swift; sourceTree = "<group>"; };
		86DFA2EF1AE166FA00D42B65 /* InvalidationToken.swift */ = {isa = PBXFileReference; lastKnownFileType = sourcecode.swift; name = InvalidationToken.swift; path = BrightFutures/BrightFutures/InvalidationToken.swift; sourceTree = "<group>"; };
		86DFA2F01AE166FA00D42B65 /* Promise.swift */ = {isa = PBXFileReference; lastKnownFileType = sourcecode.swift; name = Promise.swift; path = BrightFutures/BrightFutures/Promise.swift; sourceTree = "<group>"; };
		86DFA2F11AE166FA00D42B65 /* Queue.swift */ = {isa = PBXFileReference; lastKnownFileType = sourcecode.swift; name = Queue.swift; path = BrightFutures/BrightFutures/Queue.swift; sourceTree = "<group>"; };
		86DFA2F21AE166FA00D42B65 /* Result.swift */ = {isa = PBXFileReference; lastKnownFileType = sourcecode.swift; name = Result.swift; path = BrightFutures/BrightFutures/Result.swift; sourceTree = "<group>"; };
		86DFA2F31AE166FA00D42B65 /* Semaphore.swift */ = {isa = PBXFileReference; lastKnownFileType = sourcecode.swift; name = Semaphore.swift; path = BrightFutures/BrightFutures/Semaphore.swift; sourceTree = "<group>"; };
		86F441C91ACEA574006B5246 /* UserCell.xib */ = {isa = PBXFileReference; fileEncoding = 4; lastKnownFileType = file.xib; path = UserCell.xib; sourceTree = "<group>"; };
		86F441CD1ACEA9DA006B5246 /* UserCell.swift */ = {isa = PBXFileReference; fileEncoding = 4; lastKnownFileType = sourcecode.swift; path = UserCell.swift; sourceTree = "<group>"; };
/* End PBXFileReference section */

/* Begin PBXFrameworksBuildPhase section */
		86A92D961AB863E900B38445 /* Frameworks */ = {
			isa = PBXFrameworksBuildPhase;
			buildActionMask = 2147483647;
			files = (
			);
			runOnlyForDeploymentPostprocessing = 0;
		};
		86A92DAD1AB863E900B38445 /* Frameworks */ = {
			isa = PBXFrameworksBuildPhase;
			buildActionMask = 2147483647;
			files = (
			);
			runOnlyForDeploymentPostprocessing = 0;
		};
/* End PBXFrameworksBuildPhase section */

/* Begin PBXGroup section */
		860B392C1AE32D3300D34896 /* Ride */ = {
			isa = PBXGroup;
			children = (
				860B392D1AE32D4500D34896 /* Ride.swift */,
				860B39381AE3BD3F00D34896 /* RideListManager.swift */,
			);
			name = Ride;
			sourceTree = "<group>";
		};
		860B39371AE3427C00D34896 /* OrderedList */ = {
			isa = PBXGroup;
			children = (
				860B39331AE33E7100D34896 /* OrderedList.swift */,
			);
			name = OrderedList;
			sourceTree = "<group>";
		};
		861C25061AE0A7090081E9E8 /* Products */ = {
			isa = PBXGroup;
			children = (
				861C250B1AE0A7090081E9E8 /* BrightFutures.framework */,
				861C250D1AE0A7090081E9E8 /* BrightFuturesTests.xctest */,
			);
			name = Products;
			sourceTree = "<group>";
		};
		863D5E901ACF7135007D9235 /* CustomPopUp */ = {
			isa = PBXGroup;
			children = (
				863D5E931ACF7185007D9235 /* CustomPopUp.swift */,
				863D5E951ACF7277007D9235 /* CustomPopUp.xib */,
			);
			name = CustomPopUp;
			sourceTree = "<group>";
		};
		863D5E971ACF75A0007D9235 /* NewUserPopUp */ = {
			isa = PBXGroup;
			children = (
				863D5E981ACF75F8007D9235 /* NewUserPopUp.xib */,
				86B6974D1ACF77970052353E /* NewUserPopUp.swift */,
			);
			name = NewUserPopUp;
			sourceTree = "<group>";
		};
		86A78EE91ACD86C9009BBF58 /* Billing */ = {
			isa = PBXGroup;
			children = (
				86A78EE71ACD8231009BBF58 /* BillingHandlerDelegate.swift */,
				86202E6C1AE2A7D500293B79 /* Bill.swift */,
			);
			name = Billing;
			sourceTree = "<group>";
		};
		86A78EEA1ACD86DB009BBF58 /* Persistence */ = {
			isa = PBXGroup;
			children = (
				8624B86A1ACD71F600A60985 /* DataPersistenceDelegate.swift */,
				86CA24DE1ADD306800EA98E8 /* UserPersistenceManager.swift */,
				860B39261AE2FB8F00D34896 /* RootUserPersistenceManager.swift */,
				860B392A1AE3060F00D34896 /* PersistenceManager.swift */,
			);
			name = Persistence;
			sourceTree = "<group>";
		};
		86A78EEB1ACD86FB009BBF58 /* User */ = {
			isa = PBXGroup;
			children = (
				86A92DCA1AB86A5800B38445 /* User.swift */,
				86A88A901AE27F07009A4ABD /* RootUser.swift */,
				86D548DA1ADE9F4D0092C9A5 /* AbstractUser.swift */,
				8668D3961ACF3E8500C2CB87 /* UserList.swift */,
				86B6974F1ACFEB680052353E /* UserHandlingDelegate.swift */,
			);
			name = User;
			sourceTree = "<group>";
		};
		86A92D901AB863E900B38445 = {
			isa = PBXGroup;
			children = (
				861C25051AE0A7090081E9E8 /* BrightFutures.xcodeproj */,
				86DFA2FC1AE1671400D42B65 /* BrightFutures */,
				86A92D9B1AB863E900B38445 /* Bigu */,
				86A92DB31AB863E900B38445 /* BiguTests */,
				86A92D9A1AB863E900B38445 /* Products */,
			);
			sourceTree = "<group>";
		};
		86A92D9A1AB863E900B38445 /* Products */ = {
			isa = PBXGroup;
			children = (
				86A92D991AB863E900B38445 /* Bigu.app */,
				86A92DB01AB863E900B38445 /* BiguTests.xctest */,
			);
			name = Products;
			sourceTree = "<group>";
		};
		86A92D9B1AB863E900B38445 /* Bigu */ = {
			isa = PBXGroup;
			children = (
				86A92D9E1AB863E900B38445 /* AppDelegate.swift */,
				86A92DA71AB863E900B38445 /* Images.xcassets */,
				86A92DA91AB863E900B38445 /* LaunchScreen.xib */,
				86A92DC81AB869C500B38445 /* Models */,
				86A92DC91AB869E700B38445 /* Views */,
				863D5E901ACF7135007D9235 /* CustomPopUp */,
				86A92D9C1AB863E900B38445 /* Supporting Files */,
			);
			path = Bigu;
			sourceTree = "<group>";
		};
		86A92D9C1AB863E900B38445 /* Supporting Files */ = {
			isa = PBXGroup;
			children = (
				86A92D9D1AB863E900B38445 /* Info.plist */,
			);
			name = "Supporting Files";
			sourceTree = "<group>";
		};
		86A92DB31AB863E900B38445 /* BiguTests */ = {
			isa = PBXGroup;
			children = (
				86A92DB61AB863E900B38445 /* BiguTests.swift */,
				86A92DB41AB863E900B38445 /* Supporting Files */,
			);
			path = BiguTests;
			sourceTree = "<group>";
		};
		86A92DB41AB863E900B38445 /* Supporting Files */ = {
			isa = PBXGroup;
			children = (
				86A92DB51AB863E900B38445 /* Info.plist */,
			);
			name = "Supporting Files";
			sourceTree = "<group>";
		};
		86A92DC01AB8684B00B38445 /* UsersViewController */ = {
			isa = PBXGroup;
			children = (
				86A92DC11AB8687A00B38445 /* UsersViewController.swift */,
				86A92DC31AB868AA00B38445 /* TaxCell */,
				863D5E971ACF75A0007D9235 /* NewUserPopUp */,
				86F441C81ACEA540006B5246 /* UserCell */,
				86B2F20B1AD0D1A700E1E391 /* UserDetailViewController */,
			);
			name = UsersViewController;
			sourceTree = "<group>";
		};
		86A92DC31AB868AA00B38445 /* TaxCell */ = {
			isa = PBXGroup;
			children = (
				86A92DC41AB868E200B38445 /* TaxCell.xib */,
				860466641ABC6CFE00C39BDB /* PickerTaxCell.xib */,
				86D999271ACAD429001E48CD /* TaxCell.swift */,
				8662E4231AC9910D0087B69B /* DefaultTaxCell.swift */,
				8662E4251ACACB180087B69B /* PickerTaxCell.swift */,
				86D9992B1ACC29C3001E48CD /* TaxHandlingDelegate.swift */,
			);
			name = TaxCell;
			sourceTree = "<group>";
		};
		86A92DC81AB869C500B38445 /* Models */ = {
			isa = PBXGroup;
			children = (
				86A78EEB1ACD86FB009BBF58 /* User */,
				86A78EE91ACD86C9009BBF58 /* Billing */,
				860B392C1AE32D3300D34896 /* Ride */,
				86A78EEA1ACD86DB009BBF58 /* Persistence */,
				860B39371AE3427C00D34896 /* OrderedList */,
			);
			name = Models;
			sourceTree = "<group>";
		};
		86A92DC91AB869E700B38445 /* Views */ = {
			isa = PBXGroup;
			children = (
				86A92DA41AB863E900B38445 /* Main.storyboard */,
				86A92DC01AB8684B00B38445 /* UsersViewController */,
				86E529A31AE1A450005FD924 /* RootUserViewController */,
			);
			name = Views;
			sourceTree = "<group>";
		};
		86B2F20B1AD0D1A700E1E391 /* UserDetailViewController */ = {
			isa = PBXGroup;
			children = (
				86C23C991AD34DDB00FE9D63 /* UserDetailViewController.swift */,
				86C23C9B1AD35B7E00FE9D63 /* UserDetailMainTableViewCell.swift */,
				86C23C9D1AD35E5100FE9D63 /* UserDetailBillSliderTableViewCell.swift */,
				86C23C9F1AD3611100FE9D63 /* UserDetailFirstNameTableViewCell.swift */,
				86C23CA11AD362A200FE9D63 /* UserDetailLastNameTableViewCell.swift */,
				86C23CA31AD3632C00FE9D63 /* UserDetailNickNameTableViewCell.swift */,
			);
			name = UserDetailViewController;
			sourceTree = "<group>";
		};
		86DFA2FC1AE1671400D42B65 /* BrightFutures */ = {
			isa = PBXGroup;
			children = (
				86DFA2EC1AE166FA00D42B65 /* ExecutionContext.swift */,
				86DFA2ED1AE166FA00D42B65 /* Future.swift */,
				86DFA2EE1AE166FA00D42B65 /* FutureUtils.swift */,
				86DFA2EF1AE166FA00D42B65 /* InvalidationToken.swift */,
				86DFA2F01AE166FA00D42B65 /* Promise.swift */,
				86DFA2F11AE166FA00D42B65 /* Queue.swift */,
				86DFA2F21AE166FA00D42B65 /* Result.swift */,
				86DFA2F31AE166FA00D42B65 /* Semaphore.swift */,
			);
			name = BrightFutures;
			sourceTree = "<group>";
		};
		86E529A31AE1A450005FD924 /* RootUserViewController */ = {
			isa = PBXGroup;
			children = (
				86A88A8C1AE1F078009A4ABD /* RootUserViewController.swift */,
			);
			name = RootUserViewController;
			sourceTree = "<group>";
		};
		86F441C81ACEA540006B5246 /* UserCell */ = {
			isa = PBXGroup;
			children = (
				86F441C91ACEA574006B5246 /* UserCell.xib */,
				86F441CD1ACEA9DA006B5246 /* UserCell.swift */,
			);
			name = UserCell;
			sourceTree = "<group>";
		};
/* End PBXGroup section */

/* Begin PBXNativeTarget section */
		86A92D981AB863E900B38445 /* Bigu */ = {
			isa = PBXNativeTarget;
			buildConfigurationList = 86A92DBA1AB863E900B38445 /* Build configuration list for PBXNativeTarget "Bigu" */;
			buildPhases = (
				86A92D951AB863E900B38445 /* Sources */,
				86A92D961AB863E900B38445 /* Frameworks */,
				86A92D971AB863E900B38445 /* Resources */,
			);
			buildRules = (
			);
			dependencies = (
			);
			name = Bigu;
			productName = Bigu;
			productReference = 86A92D991AB863E900B38445 /* Bigu.app */;
			productType = "com.apple.product-type.application";
		};
		86A92DAF1AB863E900B38445 /* BiguTests */ = {
			isa = PBXNativeTarget;
			buildConfigurationList = 86A92DBD1AB863E900B38445 /* Build configuration list for PBXNativeTarget "BiguTests" */;
			buildPhases = (
				86A92DAC1AB863E900B38445 /* Sources */,
				86A92DAD1AB863E900B38445 /* Frameworks */,
				86A92DAE1AB863E900B38445 /* Resources */,
			);
			buildRules = (
			);
			dependencies = (
				86A92DB21AB863E900B38445 /* PBXTargetDependency */,
			);
			name = BiguTests;
			productName = BiguTests;
			productReference = 86A92DB01AB863E900B38445 /* BiguTests.xctest */;
			productType = "com.apple.product-type.bundle.unit-test";
		};
/* End PBXNativeTarget section */

/* Begin PBXProject section */
		86A92D911AB863E900B38445 /* Project object */ = {
			isa = PBXProject;
			attributes = {
				LastUpgradeCheck = 0620;
				ORGANIZATIONNAME = "Universidade Federal De Alagoas";
				TargetAttributes = {
					86A92D981AB863E900B38445 = {
						CreatedOnToolsVersion = 6.2;
						DevelopmentTeam = LBFUFN3H7E;
					};
					86A92DAF1AB863E900B38445 = {
						CreatedOnToolsVersion = 6.2;
						TestTargetID = 86A92D981AB863E900B38445;
					};
				};
			};
			buildConfigurationList = 86A92D941AB863E900B38445 /* Build configuration list for PBXProject "Bigu" */;
			compatibilityVersion = "Xcode 3.2";
			developmentRegion = English;
			hasScannedForEncodings = 0;
			knownRegions = (
				en,
				Base,
			);
			mainGroup = 86A92D901AB863E900B38445;
			productRefGroup = 86A92D9A1AB863E900B38445 /* Products */;
			projectDirPath = "";
			projectReferences = (
				{
					ProductGroup = 861C25061AE0A7090081E9E8 /* Products */;
					ProjectRef = 861C25051AE0A7090081E9E8 /* BrightFutures.xcodeproj */;
				},
			);
			projectRoot = "";
			targets = (
				86A92D981AB863E900B38445 /* Bigu */,
				86A92DAF1AB863E900B38445 /* BiguTests */,
			);
		};
/* End PBXProject section */

/* Begin PBXReferenceProxy section */
		861C250B1AE0A7090081E9E8 /* BrightFutures.framework */ = {
			isa = PBXReferenceProxy;
			fileType = wrapper.framework;
			path = BrightFutures.framework;
			remoteRef = 861C250A1AE0A7090081E9E8 /* PBXContainerItemProxy */;
			sourceTree = BUILT_PRODUCTS_DIR;
		};
		861C250D1AE0A7090081E9E8 /* BrightFuturesTests.xctest */ = {
			isa = PBXReferenceProxy;
			fileType = wrapper.cfbundle;
			path = BrightFuturesTests.xctest;
			remoteRef = 861C250C1AE0A7090081E9E8 /* PBXContainerItemProxy */;
			sourceTree = BUILT_PRODUCTS_DIR;
		};
/* End PBXReferenceProxy section */

/* Begin PBXResourcesBuildPhase section */
		86A92D971AB863E900B38445 /* Resources */ = {
			isa = PBXResourcesBuildPhase;
			buildActionMask = 2147483647;
			files = (
				860466651ABC6CFE00C39BDB /* PickerTaxCell.xib in Resources */,
				86A92DA61AB863E900B38445 /* Main.storyboard in Resources */,
				863D5E961ACF7277007D9235 /* CustomPopUp.xib in Resources */,
				86F441CA1ACEA574006B5246 /* UserCell.xib in Resources */,
				86A92DC51AB868E200B38445 /* TaxCell.xib in Resources */,
				86A92DAB1AB863E900B38445 /* LaunchScreen.xib in Resources */,
				863D5E991ACF75F8007D9235 /* NewUserPopUp.xib in Resources */,
				86A92DA81AB863E900B38445 /* Images.xcassets in Resources */,
			);
			runOnlyForDeploymentPostprocessing = 0;
		};
		86A92DAE1AB863E900B38445 /* Resources */ = {
			isa = PBXResourcesBuildPhase;
			buildActionMask = 2147483647;
			files = (
			);
			runOnlyForDeploymentPostprocessing = 0;
		};
/* End PBXResourcesBuildPhase section */

/* Begin PBXSourcesBuildPhase section */
		86A92D951AB863E900B38445 /* Sources */ = {
			isa = PBXSourcesBuildPhase;
			buildActionMask = 2147483647;
			files = (
				86DFA2F41AE166FA00D42B65 /* ExecutionContext.swift in Sources */,
				860B39391AE3BD3F00D34896 /* RideListManager.swift in Sources */,
				860B392B1AE3060F00D34896 /* PersistenceManager.swift in Sources */,
				86DFA2F51AE166FA00D42B65 /* Future.swift in Sources */,
				86DFA2F61AE166FA00D42B65 /* FutureUtils.swift in Sources */,
				86DFA2F71AE166FA00D42B65 /* InvalidationToken.swift in Sources */,
				860B392E1AE32D4500D34896 /* Ride.swift in Sources */,
				86DFA2F81AE166FA00D42B65 /* Promise.swift in Sources */,
				86DFA2F91AE166FA00D42B65 /* Queue.swift in Sources */,
				86DFA2FA1AE166FA00D42B65 /* Result.swift in Sources */,
				86DFA2FB1AE166FA00D42B65 /* Semaphore.swift in Sources */,
				86B6974E1ACF77970052353E /* NewUserPopUp.swift in Sources */,
				86C23CA41AD3632C00FE9D63 /* UserDetailNickNameTableViewCell.swift in Sources */,
				86A92DCB1AB86A5800B38445 /* User.swift in Sources */,
				86A78EE81ACD8231009BBF58 /* BillingHandlerDelegate.swift in Sources */,
				86CA24DF1ADD306800EA98E8 /* UserPersistenceManager.swift in Sources */,
				8662E4261ACACB180087B69B /* PickerTaxCell.swift in Sources */,
				86B697501ACFEB680052353E /* UserHandlingDelegate.swift in Sources */,
				8662E4241AC9910D0087B69B /* DefaultTaxCell.swift in Sources */,
				86202E6D1AE2A7D500293B79 /* Bill.swift in Sources */,
				863D5E941ACF7185007D9235 /* CustomPopUp.swift in Sources */,
				8668D3971ACF3E8500C2CB87 /* UserList.swift in Sources */,
				86D999281ACAD429001E48CD /* TaxCell.swift in Sources */,
				86D9992C1ACC29C3001E48CD /* TaxHandlingDelegate.swift in Sources */,
				86C23C9A1AD34DDB00FE9D63 /* UserDetailViewController.swift in Sources */,
				86A92DC21AB8687A00B38445 /* UsersViewController.swift in Sources */,
				8624B86B1ACD71F600A60985 /* DataPersistenceDelegate.swift in Sources */,
				86C23CA21AD362A200FE9D63 /* UserDetailLastNameTableViewCell.swift in Sources */,
				86A88A8D1AE1F078009A4ABD /* RootUserViewController.swift in Sources */,
				860B39271AE2FB8F00D34896 /* RootUserPersistenceManager.swift in Sources */,
				86F441CE1ACEA9DA006B5246 /* UserCell.swift in Sources */,
				86D548DB1ADE9F4D0092C9A5 /* AbstractUser.swift in Sources */,
				86A88A911AE27F07009A4ABD /* RootUser.swift in Sources */,
				86C23C9E1AD35E5100FE9D63 /* UserDetailBillSliderTableViewCell.swift in Sources */,
				86C23CA01AD3611100FE9D63 /* UserDetailFirstNameTableViewCell.swift in Sources */,
				86A92D9F1AB863E900B38445 /* AppDelegate.swift in Sources */,
				860B39341AE33E7100D34896 /* OrderedList.swift in Sources */,
				86C23C9C1AD35B7E00FE9D63 /* UserDetailMainTableViewCell.swift in Sources */,
			);
			runOnlyForDeploymentPostprocessing = 0;
		};
		86A92DAC1AB863E900B38445 /* Sources */ = {
			isa = PBXSourcesBuildPhase;
			buildActionMask = 2147483647;
			files = (
				86A92DB71AB863E900B38445 /* BiguTests.swift in Sources */,
			);
			runOnlyForDeploymentPostprocessing = 0;
		};
/* End PBXSourcesBuildPhase section */

/* Begin PBXTargetDependency section */
		86A92DB21AB863E900B38445 /* PBXTargetDependency */ = {
			isa = PBXTargetDependency;
			target = 86A92D981AB863E900B38445 /* Bigu */;
			targetProxy = 86A92DB11AB863E900B38445 /* PBXContainerItemProxy */;
		};
/* End PBXTargetDependency section */

/* Begin PBXVariantGroup section */
		86A92DA41AB863E900B38445 /* Main.storyboard */ = {
			isa = PBXVariantGroup;
			children = (
				86A92DA51AB863E900B38445 /* Base */,
			);
			name = Main.storyboard;
			sourceTree = "<group>";
		};
		86A92DA91AB863E900B38445 /* LaunchScreen.xib */ = {
			isa = PBXVariantGroup;
			children = (
				86A92DAA1AB863E900B38445 /* Base */,
			);
			name = LaunchScreen.xib;
			sourceTree = "<group>";
		};
/* End PBXVariantGroup section */

/* Begin XCBuildConfiguration section */
		86A92DB81AB863E900B38445 /* Debug */ = {
			isa = XCBuildConfiguration;
			buildSettings = {
				ALWAYS_SEARCH_USER_PATHS = NO;
				CLANG_CXX_LANGUAGE_STANDARD = "gnu++0x";
				CLANG_CXX_LIBRARY = "libc++";
				CLANG_ENABLE_MODULES = YES;
				CLANG_ENABLE_OBJC_ARC = YES;
				CLANG_WARN_BOOL_CONVERSION = YES;
				CLANG_WARN_CONSTANT_CONVERSION = YES;
				CLANG_WARN_DIRECT_OBJC_ISA_USAGE = YES_ERROR;
				CLANG_WARN_EMPTY_BODY = YES;
				CLANG_WARN_ENUM_CONVERSION = YES;
				CLANG_WARN_INT_CONVERSION = YES;
				CLANG_WARN_OBJC_ROOT_CLASS = YES_ERROR;
				CLANG_WARN_UNREACHABLE_CODE = YES;
				CLANG_WARN__DUPLICATE_METHOD_MATCH = YES;
				"CODE_SIGN_IDENTITY[sdk=iphoneos*]" = "iPhone Developer";
				COPY_PHASE_STRIP = NO;
				ENABLE_STRICT_OBJC_MSGSEND = YES;
				GCC_C_LANGUAGE_STANDARD = gnu99;
				GCC_DYNAMIC_NO_PIC = NO;
				GCC_OPTIMIZATION_LEVEL = 0;
				GCC_PREPROCESSOR_DEFINITIONS = (
					"DEBUG=1",
					"$(inherited)",
				);
				GCC_SYMBOLS_PRIVATE_EXTERN = NO;
				GCC_WARN_64_TO_32_BIT_CONVERSION = YES;
				GCC_WARN_ABOUT_RETURN_TYPE = YES_ERROR;
				GCC_WARN_UNDECLARED_SELECTOR = YES;
				GCC_WARN_UNINITIALIZED_AUTOS = YES_AGGRESSIVE;
				GCC_WARN_UNUSED_FUNCTION = YES;
				GCC_WARN_UNUSED_VARIABLE = YES;
				IPHONEOS_DEPLOYMENT_TARGET = 8.2;
				MTL_ENABLE_DEBUG_INFO = YES;
				ONLY_ACTIVE_ARCH = YES;
				SDKROOT = iphoneos;
				SWIFT_OPTIMIZATION_LEVEL = "-Onone";
				TARGETED_DEVICE_FAMILY = "1,2";
			};
			name = Debug;
		};
		86A92DB91AB863E900B38445 /* Release */ = {
			isa = XCBuildConfiguration;
			buildSettings = {
				ALWAYS_SEARCH_USER_PATHS = NO;
				CLANG_CXX_LANGUAGE_STANDARD = "gnu++0x";
				CLANG_CXX_LIBRARY = "libc++";
				CLANG_ENABLE_MODULES = YES;
				CLANG_ENABLE_OBJC_ARC = YES;
				CLANG_WARN_BOOL_CONVERSION = YES;
				CLANG_WARN_CONSTANT_CONVERSION = YES;
				CLANG_WARN_DIRECT_OBJC_ISA_USAGE = YES_ERROR;
				CLANG_WARN_EMPTY_BODY = YES;
				CLANG_WARN_ENUM_CONVERSION = YES;
				CLANG_WARN_INT_CONVERSION = YES;
				CLANG_WARN_OBJC_ROOT_CLASS = YES_ERROR;
				CLANG_WARN_UNREACHABLE_CODE = YES;
				CLANG_WARN__DUPLICATE_METHOD_MATCH = YES;
				"CODE_SIGN_IDENTITY[sdk=iphoneos*]" = "iPhone Developer";
				COPY_PHASE_STRIP = NO;
				ENABLE_NS_ASSERTIONS = NO;
				ENABLE_STRICT_OBJC_MSGSEND = YES;
				GCC_C_LANGUAGE_STANDARD = gnu99;
				GCC_WARN_64_TO_32_BIT_CONVERSION = YES;
				GCC_WARN_ABOUT_RETURN_TYPE = YES_ERROR;
				GCC_WARN_UNDECLARED_SELECTOR = YES;
				GCC_WARN_UNINITIALIZED_AUTOS = YES_AGGRESSIVE;
				GCC_WARN_UNUSED_FUNCTION = YES;
				GCC_WARN_UNUSED_VARIABLE = YES;
				IPHONEOS_DEPLOYMENT_TARGET = 8.2;
				MTL_ENABLE_DEBUG_INFO = NO;
				SDKROOT = iphoneos;
				TARGETED_DEVICE_FAMILY = "1,2";
				VALIDATE_PRODUCT = YES;
			};
			name = Release;
		};
		86A92DBB1AB863E900B38445 /* Debug */ = {
			isa = XCBuildConfiguration;
			buildSettings = {
				ASSETCATALOG_COMPILER_APPICON_NAME = AppIcon;
				CODE_SIGN_IDENTITY = "iPhone Developer";
				"CODE_SIGN_IDENTITY[sdk=iphoneos*]" = "iPhone Developer";
				INFOPLIST_FILE = Bigu/Info.plist;
				LD_RUNPATH_SEARCH_PATHS = "$(inherited) @executable_path/Frameworks";
				PRODUCT_NAME = "$(TARGET_NAME)";
				PROVISIONING_PROFILE = "";
			};
			name = Debug;
		};
		86A92DBC1AB863E900B38445 /* Release */ = {
			isa = XCBuildConfiguration;
			buildSettings = {
				ASSETCATALOG_COMPILER_APPICON_NAME = AppIcon;
				CODE_SIGN_IDENTITY = "iPhone Developer";
				"CODE_SIGN_IDENTITY[sdk=iphoneos*]" = "iPhone Developer";
				INFOPLIST_FILE = Bigu/Info.plist;
				LD_RUNPATH_SEARCH_PATHS = "$(inherited) @executable_path/Frameworks";
				PRODUCT_NAME = "$(TARGET_NAME)";
				PROVISIONING_PROFILE = "";
			};
			name = Release;
		};
		86A92DBE1AB863E900B38445 /* Debug */ = {
			isa = XCBuildConfiguration;
			buildSettings = {
				BUNDLE_LOADER = "$(TEST_HOST)";
				FRAMEWORK_SEARCH_PATHS = (
					"$(SDKROOT)/Developer/Library/Frameworks",
					"$(inherited)",
				);
				GCC_PREPROCESSOR_DEFINITIONS = (
					"DEBUG=1",
					"$(inherited)",
				);
				INFOPLIST_FILE = BiguTests/Info.plist;
				LD_RUNPATH_SEARCH_PATHS = "$(inherited) @executable_path/Frameworks @loader_path/Frameworks";
				PRODUCT_NAME = "$(TARGET_NAME)";
				TEST_HOST = "$(BUILT_PRODUCTS_DIR)/Bigu.app/Bigu";
			};
			name = Debug;
		};
		86A92DBF1AB863E900B38445 /* Release */ = {
			isa = XCBuildConfiguration;
			buildSettings = {
				BUNDLE_LOADER = "$(TEST_HOST)";
				FRAMEWORK_SEARCH_PATHS = (
					"$(SDKROOT)/Developer/Library/Frameworks",
					"$(inherited)",
				);
				INFOPLIST_FILE = BiguTests/Info.plist;
				LD_RUNPATH_SEARCH_PATHS = "$(inherited) @executable_path/Frameworks @loader_path/Frameworks";
				PRODUCT_NAME = "$(TARGET_NAME)";
				TEST_HOST = "$(BUILT_PRODUCTS_DIR)/Bigu.app/Bigu";
			};
			name = Release;
		};
/* End XCBuildConfiguration section */

/* Begin XCConfigurationList section */
		86A92D941AB863E900B38445 /* Build configuration list for PBXProject "Bigu" */ = {
			isa = XCConfigurationList;
			buildConfigurations = (
				86A92DB81AB863E900B38445 /* Debug */,
				86A92DB91AB863E900B38445 /* Release */,
			);
			defaultConfigurationIsVisible = 0;
			defaultConfigurationName = Release;
		};
		86A92DBA1AB863E900B38445 /* Build configuration list for PBXNativeTarget "Bigu" */ = {
			isa = XCConfigurationList;
			buildConfigurations = (
				86A92DBB1AB863E900B38445 /* Debug */,
				86A92DBC1AB863E900B38445 /* Release */,
			);
			defaultConfigurationIsVisible = 0;
			defaultConfigurationName = Release;
		};
		86A92DBD1AB863E900B38445 /* Build configuration list for PBXNativeTarget "BiguTests" */ = {
			isa = XCConfigurationList;
			buildConfigurations = (
				86A92DBE1AB863E900B38445 /* Debug */,
				86A92DBF1AB863E900B38445 /* Release */,
			);
			defaultConfigurationIsVisible = 0;
			defaultConfigurationName = Release;
		};
/* End XCConfigurationList section */
	};
	rootObject = 86A92D911AB863E900B38445 /* Project object */;
}
